// !$*UTF8*$!
{
	archiveVersion = 1;
	classes = {
	};
	objectVersion = 50;
	objects = {

/* Begin PBXBuildFile section */
		3255CDE324BDCAC000183904 /* AppDelegate.swift in Sources */ = {isa = PBXBuildFile; fileRef = 3255CDE224BDCAC000183904 /* AppDelegate.swift */; };
		3255CDE524BDCAC000183904 /* SceneDelegate.swift in Sources */ = {isa = PBXBuildFile; fileRef = 3255CDE424BDCAC000183904 /* SceneDelegate.swift */; };
		3255CDE724BDCAC000183904 /* ViewController.swift in Sources */ = {isa = PBXBuildFile; fileRef = 3255CDE624BDCAC000183904 /* ViewController.swift */; };
		3255CDEA24BDCAC000183904 /* Main.storyboard in Resources */ = {isa = PBXBuildFile; fileRef = 3255CDE824BDCAC000183904 /* Main.storyboard */; };
		3255CDEC24BDCAC300183904 /* Assets.xcassets in Resources */ = {isa = PBXBuildFile; fileRef = 3255CDEB24BDCAC300183904 /* Assets.xcassets */; };
		3255CDEF24BDCAC300183904 /* LaunchScreen.storyboard in Resources */ = {isa = PBXBuildFile; fileRef = 3255CDED24BDCAC300183904 /* LaunchScreen.storyboard */; };
		3255CDFA24BDCAC300183904 /* Demo2Tests.swift in Sources */ = {isa = PBXBuildFile; fileRef = 3255CDF924BDCAC300183904 /* Demo2Tests.swift */; };
		3255CE0524BDCAC300183904 /* Demo2UITests.swift in Sources */ = {isa = PBXBuildFile; fileRef = 3255CE0424BDCAC300183904 /* Demo2UITests.swift */; };
		32E0C79424BE1DF40074352B /* Gilas-8Meq0.ttf in Resources */ = {isa = PBXBuildFile; fileRef = 32E0C79324BE1DF40074352B /* Gilas-8Meq0.ttf */; };
		32E0C79524BE1DF40074352B /* Gilas-8Meq0.ttf in Resources */ = {isa = PBXBuildFile; fileRef = 32E0C79324BE1DF40074352B /* Gilas-8Meq0.ttf */; };
		32E0C79624BE1DF40074352B /* Gilas-8Meq0.ttf in Resources */ = {isa = PBXBuildFile; fileRef = 32E0C79324BE1DF40074352B /* Gilas-8Meq0.ttf */; };
/* End PBXBuildFile section */

/* Begin PBXContainerItemProxy section */
		3255CDF624BDCAC300183904 /* PBXContainerItemProxy */ = {
			isa = PBXContainerItemProxy;
			containerPortal = 3255CDD724BDCAC000183904 /* Project object */;
			proxyType = 1;
			remoteGlobalIDString = 3255CDDE24BDCAC000183904;
			remoteInfo = Demo2;
		};
		3255CE0124BDCAC300183904 /* PBXContainerItemProxy */ = {
			isa = PBXContainerItemProxy;
			containerPortal = 3255CDD724BDCAC000183904 /* Project object */;
			proxyType = 1;
			remoteGlobalIDString = 3255CDDE24BDCAC000183904;
			remoteInfo = Demo2;
		};
/* End PBXContainerItemProxy section */

/* Begin PBXFileReference section */
		3255CDDF24BDCAC000183904 /* Demo2.app */ = {isa = PBXFileReference; explicitFileType = wrapper.application; includeInIndex = 0; path = Demo2.app; sourceTree = BUILT_PRODUCTS_DIR; };
		3255CDE224BDCAC000183904 /* AppDelegate.swift */ = {isa = PBXFileReference; lastKnownFileType = sourcecode.swift; path = AppDelegate.swift; sourceTree = "<group>"; };
		3255CDE424BDCAC000183904 /* SceneDelegate.swift */ = {isa = PBXFileReference; lastKnownFileType = sourcecode.swift; path = SceneDelegate.swift; sourceTree = "<group>"; };
		3255CDE624BDCAC000183904 /* ViewController.swift */ = {isa = PBXFileReference; lastKnownFileType = sourcecode.swift; path = ViewController.swift; sourceTree = "<group>"; };
		3255CDE924BDCAC000183904 /* Base */ = {isa = PBXFileReference; lastKnownFileType = file.storyboard; name = Base; path = Base.lproj/Main.storyboard; sourceTree = "<group>"; };
		3255CDEB24BDCAC300183904 /* Assets.xcassets */ = {isa = PBXFileReference; lastKnownFileType = folder.assetcatalog; path = Assets.xcassets; sourceTree = "<group>"; };
		3255CDEE24BDCAC300183904 /* Base */ = {isa = PBXFileReference; lastKnownFileType = file.storyboard; name = Base; path = Base.lproj/LaunchScreen.storyboard; sourceTree = "<group>"; };
		3255CDF024BDCAC300183904 /* Info.plist */ = {isa = PBXFileReference; lastKnownFileType = text.plist.xml; path = Info.plist; sourceTree = "<group>"; };
		3255CDF524BDCAC300183904 /* Demo2Tests.xctest */ = {isa = PBXFileReference; explicitFileType = wrapper.cfbundle; includeInIndex = 0; path = Demo2Tests.xctest; sourceTree = BUILT_PRODUCTS_DIR; };
		3255CDF924BDCAC300183904 /* Demo2Tests.swift */ = {isa = PBXFileReference; lastKnownFileType = sourcecode.swift; path = Demo2Tests.swift; sourceTree = "<group>"; };
		3255CDFB24BDCAC300183904 /* Info.plist */ = {isa = PBXFileReference; lastKnownFileType = text.plist.xml; path = Info.plist; sourceTree = "<group>"; };
		3255CE0024BDCAC300183904 /* Demo2UITests.xctest */ = {isa = PBXFileReference; explicitFileType = wrapper.cfbundle; includeInIndex = 0; path = Demo2UITests.xctest; sourceTree = BUILT_PRODUCTS_DIR; };
		3255CE0424BDCAC300183904 /* Demo2UITests.swift */ = {isa = PBXFileReference; lastKnownFileType = sourcecode.swift; path = Demo2UITests.swift; sourceTree = "<group>"; };
		3255CE0624BDCAC300183904 /* Info.plist */ = {isa = PBXFileReference; lastKnownFileType = text.plist.xml; path = Info.plist; sourceTree = "<group>"; };
		32E0C79324BE1DF40074352B /* Gilas-8Meq0.ttf */ = {isa = PBXFileReference; lastKnownFileType = file; path = "Gilas-8Meq0.ttf"; sourceTree = "<group>"; };
/* End PBXFileReference section */

/* Begin PBXFrameworksBuildPhase section */
		3255CDDC24BDCAC000183904 /* Frameworks */ = {
			isa = PBXFrameworksBuildPhase;
			buildActionMask = 2147483647;
			files = (
			);
			runOnlyForDeploymentPostprocessing = 0;
		};
		3255CDF224BDCAC300183904 /* Frameworks */ = {
			isa = PBXFrameworksBuildPhase;
			buildActionMask = 2147483647;
			files = (
			);
			runOnlyForDeploymentPostprocessing = 0;
		};
		3255CDFD24BDCAC300183904 /* Frameworks */ = {
			isa = PBXFrameworksBuildPhase;
			buildActionMask = 2147483647;
			files = (
			);
			runOnlyForDeploymentPostprocessing = 0;
		};
/* End PBXFrameworksBuildPhase section */

/* Begin PBXGroup section */
		3255CDD624BDCAC000183904 = {
			isa = PBXGroup;
			children = (
				3255CDE124BDCAC000183904 /* Demo2 */,
				3255CDF824BDCAC300183904 /* Demo2Tests */,
				3255CE0324BDCAC300183904 /* Demo2UITests */,
				3255CDE024BDCAC000183904 /* Products */,
			);
			sourceTree = "<group>";
		};
		3255CDE024BDCAC000183904 /* Products */ = {
			isa = PBXGroup;
			children = (
				3255CDDF24BDCAC000183904 /* Demo2.app */,
				3255CDF524BDCAC300183904 /* Demo2Tests.xctest */,
				3255CE0024BDCAC300183904 /* Demo2UITests.xctest */,
			);
			name = Products;
			sourceTree = "<group>";
		};
		3255CDE124BDCAC000183904 /* Demo2 */ = {
			isa = PBXGroup;
			children = (
				3255CDE224BDCAC000183904 /* AppDelegate.swift */,
				32E0C79324BE1DF40074352B /* Gilas-8Meq0.ttf */,
				3255CDE424BDCAC000183904 /* SceneDelegate.swift */,
				3255CDE624BDCAC000183904 /* ViewController.swift */,
				3255CDE824BDCAC000183904 /* Main.storyboard */,
				3255CDEB24BDCAC300183904 /* Assets.xcassets */,
				3255CDED24BDCAC300183904 /* LaunchScreen.storyboard */,
				3255CDF024BDCAC300183904 /* Info.plist */,
			);
			path = Demo2;
			sourceTree = "<group>";
		};
		3255CDF824BDCAC300183904 /* Demo2Tests */ = {
			isa = PBXGroup;
			children = (
				3255CDF924BDCAC300183904 /* Demo2Tests.swift */,
				3255CDFB24BDCAC300183904 /* Info.plist */,
			);
			path = Demo2Tests;
			sourceTree = "<group>";
		};
		3255CE0324BDCAC300183904 /* Demo2UITests */ = {
			isa = PBXGroup;
			children = (
				3255CE0424BDCAC300183904 /* Demo2UITests.swift */,
				3255CE0624BDCAC300183904 /* Info.plist */,
			);
			path = Demo2UITests;
			sourceTree = "<group>";
		};
/* End PBXGroup section */

/* Begin PBXNativeTarget section */
		3255CDDE24BDCAC000183904 /* Demo2 */ = {
			isa = PBXNativeTarget;
			buildConfigurationList = 3255CE0924BDCAC300183904 /* Build configuration list for PBXNativeTarget "Demo2" */;
			buildPhases = (
				3255CDDB24BDCAC000183904 /* Sources */,
				3255CDDC24BDCAC000183904 /* Frameworks */,
				3255CDDD24BDCAC000183904 /* Resources */,
			);
			buildRules = (
			);
			dependencies = (
			);
			name = Demo2;
			productName = Demo2;
			productReference = 3255CDDF24BDCAC000183904 /* Demo2.app */;
			productType = "com.apple.product-type.application";
		};
		3255CDF424BDCAC300183904 /* Demo2Tests */ = {
			isa = PBXNativeTarget;
			buildConfigurationList = 3255CE0C24BDCAC300183904 /* Build configuration list for PBXNativeTarget "Demo2Tests" */;
			buildPhases = (
				3255CDF124BDCAC300183904 /* Sources */,
				3255CDF224BDCAC300183904 /* Frameworks */,
				3255CDF324BDCAC300183904 /* Resources */,
			);
			buildRules = (
			);
			dependencies = (
				3255CDF724BDCAC300183904 /* PBXTargetDependency */,
			);
			name = Demo2Tests;
			productName = Demo2Tests;
			productReference = 3255CDF524BDCAC300183904 /* Demo2Tests.xctest */;
			productType = "com.apple.product-type.bundle.unit-test";
		};
		3255CDFF24BDCAC300183904 /* Demo2UITests */ = {
			isa = PBXNativeTarget;
			buildConfigurationList = 3255CE0F24BDCAC300183904 /* Build configuration list for PBXNativeTarget "Demo2UITests" */;
			buildPhases = (
				3255CDFC24BDCAC300183904 /* Sources */,
				3255CDFD24BDCAC300183904 /* Frameworks */,
				3255CDFE24BDCAC300183904 /* Resources */,
			);
			buildRules = (
			);
			dependencies = (
				3255CE0224BDCAC300183904 /* PBXTargetDependency */,
			);
			name = Demo2UITests;
			productName = Demo2UITests;
			productReference = 3255CE0024BDCAC300183904 /* Demo2UITests.xctest */;
			productType = "com.apple.product-type.bundle.ui-testing";
		};
/* End PBXNativeTarget section */

/* Begin PBXProject section */
		3255CDD724BDCAC000183904 /* Project object */ = {
			isa = PBXProject;
			attributes = {
				LastSwiftUpdateCheck = 1200;
				LastUpgradeCheck = 1200;
				TargetAttributes = {
					3255CDDE24BDCAC000183904 = {
						CreatedOnToolsVersion = 12.0;
					};
					3255CDF424BDCAC300183904 = {
						CreatedOnToolsVersion = 12.0;
						TestTargetID = 3255CDDE24BDCAC000183904;
					};
					3255CDFF24BDCAC300183904 = {
						CreatedOnToolsVersion = 12.0;
						TestTargetID = 3255CDDE24BDCAC000183904;
					};
				};
			};
			buildConfigurationList = 3255CDDA24BDCAC000183904 /* Build configuration list for PBXProject "Demo2" */;
			compatibilityVersion = "Xcode 9.3";
			developmentRegion = en;
			hasScannedForEncodings = 0;
			knownRegions = (
				en,
				Base,
			);
			mainGroup = 3255CDD624BDCAC000183904;
			productRefGroup = 3255CDE024BDCAC000183904 /* Products */;
			projectDirPath = "";
			projectRoot = "";
			targets = (
				3255CDDE24BDCAC000183904 /* Demo2 */,
				3255CDF424BDCAC300183904 /* Demo2Tests */,
				3255CDFF24BDCAC300183904 /* Demo2UITests */,
			);
		};
/* End PBXProject section */

/* Begin PBXResourcesBuildPhase section */
		3255CDDD24BDCAC000183904 /* Resources */ = {
			isa = PBXResourcesBuildPhase;
			buildActionMask = 2147483647;
			files = (
				3255CDEF24BDCAC300183904 /* LaunchScreen.storyboard in Resources */,
				3255CDEC24BDCAC300183904 /* Assets.xcassets in Resources */,
				3255CDEA24BDCAC000183904 /* Main.storyboard in Resources */,
				32E0C79424BE1DF40074352B /* Gilas-8Meq0.ttf in Resources */,
			);
			runOnlyForDeploymentPostprocessing = 0;
		};
		3255CDF324BDCAC300183904 /* Resources */ = {
			isa = PBXResourcesBuildPhase;
			buildActionMask = 2147483647;
			files = (
				32E0C79524BE1DF40074352B /* Gilas-8Meq0.ttf in Resources */,
			);
			runOnlyForDeploymentPostprocessing = 0;
		};
		3255CDFE24BDCAC300183904 /* Resources */ = {
			isa = PBXResourcesBuildPhase;
			buildActionMask = 2147483647;
			files = (
				32E0C79624BE1DF40074352B /* Gilas-8Meq0.ttf in Resources */,
			);
			runOnlyForDeploymentPostprocessing = 0;
		};
/* End PBXResourcesBuildPhase section */

/* Begin PBXSourcesBuildPhase section */
		3255CDDB24BDCAC000183904 /* Sources */ = {
			isa = PBXSourcesBuildPhase;
			buildActionMask = 2147483647;
			files = (
				3255CDE724BDCAC000183904 /* ViewController.swift in Sources */,
				3255CDE324BDCAC000183904 /* AppDelegate.swift in Sources */,
				3255CDE524BDCAC000183904 /* SceneDelegate.swift in Sources */,
			);
			runOnlyForDeploymentPostprocessing = 0;
		};
		3255CDF124BDCAC300183904 /* Sources */ = {
			isa = PBXSourcesBuildPhase;
			buildActionMask = 2147483647;
			files = (
				3255CDFA24BDCAC300183904 /* Demo2Tests.swift in Sources */,
			);
			runOnlyForDeploymentPostprocessing = 0;
		};
		3255CDFC24BDCAC300183904 /* Sources */ = {
			isa = PBXSourcesBuildPhase;
			buildActionMask = 2147483647;
			files = (
				3255CE0524BDCAC300183904 /* Demo2UITests.swift in Sources */,
			);
			runOnlyForDeploymentPostprocessing = 0;
		};
/* End PBXSourcesBuildPhase section */

/* Begin PBXTargetDependency section */
		3255CDF724BDCAC300183904 /* PBXTargetDependency */ = {
			isa = PBXTargetDependency;
			target = 3255CDDE24BDCAC000183904 /* Demo2 */;
			targetProxy = 3255CDF624BDCAC300183904 /* PBXContainerItemProxy */;
		};
		3255CE0224BDCAC300183904 /* PBXTargetDependency */ = {
			isa = PBXTargetDependency;
			target = 3255CDDE24BDCAC000183904 /* Demo2 */;
			targetProxy = 3255CE0124BDCAC300183904 /* PBXContainerItemProxy */;
		};
/* End PBXTargetDependency section */

/* Begin PBXVariantGroup section */
		3255CDE824BDCAC000183904 /* Main.storyboard */ = {
			isa = PBXVariantGroup;
			children = (
				3255CDE924BDCAC000183904 /* Base */,
			);
			name = Main.storyboard;
			sourceTree = "<group>";
		};
		3255CDED24BDCAC300183904 /* LaunchScreen.storyboard */ = {
			isa = PBXVariantGroup;
			children = (
				3255CDEE24BDCAC300183904 /* Base */,
			);
			name = LaunchScreen.storyboard;
			sourceTree = "<group>";
		};
/* End PBXVariantGroup section */

/* Begin XCBuildConfiguration section */
		3255CE0724BDCAC300183904 /* Debug */ = {
			isa = XCBuildConfiguration;
			buildSettings = {
				ALWAYS_SEARCH_USER_PATHS = NO;
				CLANG_ANALYZER_NONNULL = YES;
				CLANG_ANALYZER_NUMBER_OBJECT_CONVERSION = YES_AGGRESSIVE;
				CLANG_CXX_LANGUAGE_STANDARD = "gnu++14";
				CLANG_CXX_LIBRARY = "libc++";
				CLANG_ENABLE_MODULES = YES;
				CLANG_ENABLE_OBJC_ARC = YES;
				CLANG_ENABLE_OBJC_WEAK = YES;
				CLANG_WARN_BLOCK_CAPTURE_AUTORELEASING = YES;
				CLANG_WARN_BOOL_CONVERSION = YES;
				CLANG_WARN_COMMA = YES;
				CLANG_WARN_CONSTANT_CONVERSION = YES;
				CLANG_WARN_DEPRECATED_OBJC_IMPLEMENTATIONS = YES;
				CLANG_WARN_DIRECT_OBJC_ISA_USAGE = YES_ERROR;
				CLANG_WARN_DOCUMENTATION_COMMENTS = YES;
				CLANG_WARN_EMPTY_BODY = YES;
				CLANG_WARN_ENUM_CONVERSION = YES;
				CLANG_WARN_INFINITE_RECURSION = YES;
				CLANG_WARN_INT_CONVERSION = YES;
				CLANG_WARN_NON_LITERAL_NULL_CONVERSION = YES;
				CLANG_WARN_OBJC_IMPLICIT_RETAIN_SELF = YES;
				CLANG_WARN_OBJC_LITERAL_CONVERSION = YES;
				CLANG_WARN_OBJC_ROOT_CLASS = YES_ERROR;
				CLANG_WARN_QUOTED_INCLUDE_IN_FRAMEWORK_HEADER = YES;
				CLANG_WARN_RANGE_LOOP_ANALYSIS = YES;
				CLANG_WARN_STRICT_PROTOTYPES = YES;
				CLANG_WARN_SUSPICIOUS_MOVE = YES;
				CLANG_WARN_UNGUARDED_AVAILABILITY = YES_AGGRESSIVE;
				CLANG_WARN_UNREACHABLE_CODE = YES;
				CLANG_WARN__DUPLICATE_METHOD_MATCH = YES;
				COPY_PHASE_STRIP = NO;
				DEBUG_INFORMATION_FORMAT = dwarf;
				ENABLE_STRICT_OBJC_MSGSEND = YES;
				ENABLE_TESTABILITY = YES;
				GCC_C_LANGUAGE_STANDARD = gnu11;
				GCC_DYNAMIC_NO_PIC = NO;
				GCC_NO_COMMON_BLOCKS = YES;
				GCC_OPTIMIZATION_LEVEL = 0;
				GCC_PREPROCESSOR_DEFINITIONS = (
					"DEBUG=1",
					"$(inherited)",
				);
				GCC_WARN_64_TO_32_BIT_CONVERSION = YES;
				GCC_WARN_ABOUT_RETURN_TYPE = YES_ERROR;
				GCC_WARN_UNDECLARED_SELECTOR = YES;
				GCC_WARN_UNINITIALIZED_AUTOS = YES_AGGRESSIVE;
				GCC_WARN_UNUSED_FUNCTION = YES;
				GCC_WARN_UNUSED_VARIABLE = YES;
				IPHONEOS_DEPLOYMENT_TARGET = 14.0;
				MTL_ENABLE_DEBUG_INFO = INCLUDE_SOURCE;
				MTL_FAST_MATH = YES;
				ONLY_ACTIVE_ARCH = YES;
				SDKROOT = iphoneos;
				SWIFT_ACTIVE_COMPILATION_CONDITIONS = DEBUG;
				SWIFT_OPTIMIZATION_LEVEL = "-Onone";
			};
			name = Debug;
		};
		3255CE0824BDCAC300183904 /* Release */ = {
			isa = XCBuildConfiguration;
			buildSettings = {
				ALWAYS_SEARCH_USER_PATHS = NO;
				CLANG_ANALYZER_NONNULL = YES;
				CLANG_ANALYZER_NUMBER_OBJECT_CONVERSION = YES_AGGRESSIVE;
				CLANG_CXX_LANGUAGE_STANDARD = "gnu++14";
				CLANG_CXX_LIBRARY = "libc++";
				CLANG_ENABLE_MODULES = YES;
				CLANG_ENABLE_OBJC_ARC = YES;
				CLANG_ENABLE_OBJC_WEAK = YES;
				CLANG_WARN_BLOCK_CAPTURE_AUTORELEASING = YES;
				CLANG_WARN_BOOL_CONVERSION = YES;
				CLANG_WARN_COMMA = YES;
				CLANG_WARN_CONSTANT_CONVERSION = YES;
				CLANG_WARN_DEPRECATED_OBJC_IMPLEMENTATIONS = YES;
				CLANG_WARN_DIRECT_OBJC_ISA_USAGE = YES_ERROR;
				CLANG_WARN_DOCUMENTATION_COMMENTS = YES;
				CLANG_WARN_EMPTY_BODY = YES;
				CLANG_WARN_ENUM_CONVERSION = YES;
				CLANG_WARN_INFINITE_RECURSION = YES;
				CLANG_WARN_INT_CONVERSION = YES;
				CLANG_WARN_NON_LITERAL_NULL_CONVERSION = YES;
				CLANG_WARN_OBJC_IMPLICIT_RETAIN_SELF = YES;
				CLANG_WARN_OBJC_LITERAL_CONVERSION = YES;
				CLANG_WARN_OBJC_ROOT_CLASS = YES_ERROR;
				CLANG_WARN_QUOTED_INCLUDE_IN_FRAMEWORK_HEADER = YES;
				CLANG_WARN_RANGE_LOOP_ANALYSIS = YES;
				CLANG_WARN_STRICT_PROTOTYPES = YES;
				CLANG_WARN_SUSPICIOUS_MOVE = YES;
				CLANG_WARN_UNGUARDED_AVAILABILITY = YES_AGGRESSIVE;
				CLANG_WARN_UNREACHABLE_CODE = YES;
				CLANG_WARN__DUPLICATE_METHOD_MATCH = YES;
				COPY_PHASE_STRIP = NO;
				DEBUG_INFORMATION_FORMAT = "dwarf-with-dsym";
				ENABLE_NS_ASSERTIONS = NO;
				ENABLE_STRICT_OBJC_MSGSEND = YES;
				GCC_C_LANGUAGE_STANDARD = gnu11;
				GCC_NO_COMMON_BLOCKS = YES;
				GCC_WARN_64_TO_32_BIT_CONVERSION = YES;
				GCC_WARN_ABOUT_RETURN_TYPE = YES_ERROR;
				GCC_WARN_UNDECLARED_SELECTOR = YES;
				GCC_WARN_UNINITIALIZED_AUTOS = YES_AGGRESSIVE;
				GCC_WARN_UNUSED_FUNCTION = YES;
				GCC_WARN_UNUSED_VARIABLE = YES;
				IPHONEOS_DEPLOYMENT_TARGET = 14.0;
				MTL_ENABLE_DEBUG_INFO = NO;
				MTL_FAST_MATH = YES;
				SDKROOT = iphoneos;
				SWIFT_COMPILATION_MODE = wholemodule;
				SWIFT_OPTIMIZATION_LEVEL = "-O";
				VALIDATE_PRODUCT = YES;
			};
			name = Release;
		};
		3255CE0A24BDCAC300183904 /* Debug */ = {
			isa = XCBuildConfiguration;
			buildSettings = {
				ASSETCATALOG_COMPILER_APPICON_NAME = AppIcon;
				ASSETCATALOG_COMPILER_GLOBAL_ACCENT_COLOR_NAME = AccentColor;
				CODE_SIGN_STYLE = Automatic;
				INFOPLIST_FILE = Demo2/Info.plist;
				LD_RUNPATH_SEARCH_PATHS = (
					"$(inherited)",
					"@executable_path/Frameworks",
				);
				PRODUCT_BUNDLE_IDENTIFIER = chloe.Demo2;
				PRODUCT_NAME = "$(TARGET_NAME)";
				SWIFT_VERSION = 5.0;
				TARGETED_DEVICE_FAMILY = "1,2";
			};
			name = Debug;
		};
		3255CE0B24BDCAC300183904 /* Release */ = {
			isa = XCBuildConfiguration;
			buildSettings = {
				ASSETCATALOG_COMPILER_APPICON_NAME = AppIcon;
				ASSETCATALOG_COMPILER_GLOBAL_ACCENT_COLOR_NAME = AccentColor;
				CODE_SIGN_STYLE = Automatic;
				INFOPLIST_FILE = Demo2/Info.plist;
				LD_RUNPATH_SEARCH_PATHS = (
					"$(inherited)",
					"@executable_path/Frameworks",
				);
				PRODUCT_BUNDLE_IDENTIFIER = chloe.Demo2;
				PRODUCT_NAME = "$(TARGET_NAME)";
				SWIFT_VERSION = 5.0;
				TARGETED_DEVICE_FAMILY = "1,2";
			};
			name = Release;
		};
		3255CE0D24BDCAC300183904 /* Debug */ = {
			isa = XCBuildConfiguration;
			buildSettings = {
				ALWAYS_EMBED_SWIFT_STANDARD_LIBRARIES = YES;
				BUNDLE_LOADER = "$(TEST_HOST)";
				CODE_SIGN_STYLE = Automatic;
				INFOPLIST_FILE = Demo2Tests/Info.plist;
				IPHONEOS_DEPLOYMENT_TARGET = 14.0;
				LD_RUNPATH_SEARCH_PATHS = (
					"$(inherited)",
					"@executable_path/Frameworks",
					"@loader_path/Frameworks",
				);
				PRODUCT_BUNDLE_IDENTIFIER = chloe.Demo2Tests;
				PRODUCT_NAME = "$(TARGET_NAME)";
				SWIFT_VERSION = 5.0;
				TARGETED_DEVICE_FAMILY = "1,2";
				TEST_HOST = "$(BUILT_PRODUCTS_DIR)/Demo2.app/Demo2";
			};
			name = Debug;
		};
		3255CE0E24BDCAC300183904 /* Release */ = {
			isa = XCBuildConfiguration;
			buildSettings = {
				ALWAYS_EMBED_SWIFT_STANDARD_LIBRARIES = YES;
				BUNDLE_LOADER = "$(TEST_HOST)";
				CODE_SIGN_STYLE = Automatic;
				INFOPLIST_FILE = Demo2Tests/Info.plist;
				IPHONEOS_DEPLOYMENT_TARGET = 14.0;
				LD_RUNPATH_SEARCH_PATHS = (
					"$(inherited)",
					"@executable_path/Frameworks",
					"@loader_path/Frameworks",
				);
				PRODUCT_BUNDLE_IDENTIFIER = chloe.Demo2Tests;
				PRODUCT_NAME = "$(TARGET_NAME)";
				SWIFT_VERSION = 5.0;
				TARGETED_DEVICE_FAMILY = "1,2";
				TEST_HOST = "$(BUILT_PRODUCTS_DIR)/Demo2.app/Demo2";
			};
			name = Release;
		};
		3255CE1024BDCAC300183904 /* Debug */ = {
			isa = XCBuildConfiguration;
			buildSettings = {
				ALWAYS_EMBED_SWIFT_STANDARD_LIBRARIES = YES;
				CODE_SIGN_STYLE = Automatic;
				INFOPLIST_FILE = Demo2UITests/Info.plist;
				LD_RUNPATH_SEARCH_PATHS = (
					"$(inherited)",
					"@executable_path/Frameworks",
					"@loader_path/Frameworks",
				);
				PRODUCT_BUNDLE_IDENTIFIER = chloe.Demo2UITests;
				PRODUCT_NAME = "$(TARGET_NAME)";
				SWIFT_VERSION = 5.0;
				TARGETED_DEVICE_FAMILY = "1,2";
				TEST_TARGET_NAME = Demo2;
			};
			name = Debug;
		};
		3255CE1124BDCAC300183904 /* Release */ = {
			isa = XCBuildConfiguration;
			buildSettings = {
				ALWAYS_EMBED_SWIFT_STANDARD_LIBRARIES = YES;
				CODE_SIGN_STYLE = Automatic;
				INFOPLIST_FILE = Demo2UITests/Info.plist;
				LD_RUNPATH_SEARCH_PATHS = (
					"$(inherited)",
					"@executable_path/Frameworks",
					"@loader_path/Frameworks",
				);
				PRODUCT_BUNDLE_IDENTIFIER = chloe.Demo2UITests;
				PRODUCT_NAME = "$(TARGET_NAME)";
				SWIFT_VERSION = 5.0;
				TARGETED_DEVICE_FAMILY = "1,2";
				TEST_TARGET_NAME = Demo2;
			};
			name = Release;
		};
/* End XCBuildConfiguration section */

/* Begin XCConfigurationList section */
		3255CDDA24BDCAC000183904 /* Build configuration list for PBXProject "Demo2" */ = {
			isa = XCConfigurationList;
			buildConfigurations = (
				3255CE0724BDCAC300183904 /* Debug */,
				3255CE0824BDCAC300183904 /* Release */,
			);
			defaultConfigurationIsVisible = 0;
			defaultConfigurationName = Release;
		};
		3255CE0924BDCAC300183904 /* Build configuration list for PBXNativeTarget "Demo2" */ = {
			isa = XCConfigurationList;
			buildConfigurations = (
				3255CE0A24BDCAC300183904 /* Debug */,
				3255CE0B24BDCAC300183904 /* Release */,
			);
			defaultConfigurationIsVisible = 0;
			defaultConfigurationName = Release;
		};
		3255CE0C24BDCAC300183904 /* Build configuration list for PBXNativeTarget "Demo2Tests" */ = {
			isa = XCConfigurationList;
			buildConfigurations = (
				3255CE0D24BDCAC300183904 /* Debug */,
				3255CE0E24BDCAC300183904 /* Release */,
			);
			defaultConfigurationIsVisible = 0;
			defaultConfigurationName = Release;
		};
		3255CE0F24BDCAC300183904 /* Build configuration list for PBXNativeTarget "Demo2UITests" */ = {
			isa = XCConfigurationList;
			buildConfigurations = (
				3255CE1024BDCAC300183904 /* Debug */,
				3255CE1124BDCAC300183904 /* Release */,
			);
			defaultConfigurationIsVisible = 0;
			defaultConfigurationName = Release;
		};
/* End XCConfigurationList section */
	};
	rootObject = 3255CDD724BDCAC000183904 /* Project object */;
}
